
Microsoft Visual Studio Solution File, Format Version 12.00
# Visual Studio Version 16
VisualStudioVersion = 16.0.30413.136
MinimumVisualStudioVersion = 10.0.40219.1
Project("{FAE04EC0-301F-11D3-BF4B-00C04F79EFBC}") = "ChuyenDoC_SangDoF", "ChuyenDoC_SangDoF\ChuyenDoC_SangDoF.csproj", "{30211E78-51D4-40C7-831B-653549F6EBCB}"
EndProject
Global
	GlobalSection(SolutionConfigurationPlatforms) = preSolution
		Debug|Any CPU = Debug|Any CPU
		Release|Any CPU = Release|Any CPU
	EndGlobalSection
	GlobalSection(ProjectConfigurationPlatforms) = postSolution
		{30211E78-51D4-40C7-831B-653549F6EBCB}.Debug|Any CPU.ActiveCfg = Debug|Any CPU
		{30211E78-51D4-40C7-831B-653549F6EBCB}.Debug|Any CPU.Build.0 = Debug|Any CPU
		{30211E78-51D4-40C7-831B-653549F6EBCB}.Release|Any CPU.ActiveCfg = Release|Any CPU
		{30211E78-51D4-40C7-831B-653549F6EBCB}.Release|Any CPU.Build.0 = Release|Any CPU
	EndGlobalSection
	GlobalSection(SolutionProperties) = preSolution
		HideSolutionNode = FALSE
	EndGlobalSection
	GlobalSection(ExtensibilityGlobals) = postSolution
		SolutionGuid = {D9705C4B-2BE6-472E-BA0C-273477810072}
	EndGlobalSection
EndGlobal
